// !$*UTF8*$!
{
	archiveVersion = 1;
	classes = {
	};
	objectVersion = 50;
	objects = {

/* Begin PBXBuildFile section */
		7C362A8820F9EF6E008155AA /* Cache.swift in Sources */ = {isa = PBXBuildFile; fileRef = 7C362A8720F9EF6E008155AA /* Cache.swift */; };
		7C362A9420F9F446008155AA /* FeedMe.xcdatamodeld in Sources */ = {isa = PBXBuildFile; fileRef = 7C362A9220F9F446008155AA /* FeedMe.xcdatamodeld */; };
		7C362A9720F9F6AB008155AA /* CoreData.framework in Frameworks */ = {isa = PBXBuildFile; fileRef = 7C362A9620F9F6AB008155AA /* CoreData.framework */; };
		7C362A9920F9F9DD008155AA /* FeedMeStore.swift in Sources */ = {isa = PBXBuildFile; fileRef = 7C362A9820F9F9DD008155AA /* FeedMeStore.swift */; };
		7C362A9B20FA876E008155AA /* FeedFetcher.swift in Sources */ = {isa = PBXBuildFile; fileRef = 7C362A9A20FA876E008155AA /* FeedFetcher.swift */; };
		7C362A9E20FB7B46008155AA /* FeedMeCoreDataStore.swift in Sources */ = {isa = PBXBuildFile; fileRef = 7C362A9D20FB7B46008155AA /* FeedMeCoreDataStore.swift */; };
		7C362AA120FB7FC4008155AA /* FeedFetcherTest.swift in Sources */ = {isa = PBXBuildFile; fileRef = 7C362AA020FB7FC4008155AA /* FeedFetcherTest.swift */; };
		7C362AA420FB88B0008155AA /* 9to5mac.xml in Resources */ = {isa = PBXBuildFile; fileRef = 7C362AA320FB88B0008155AA /* 9to5mac.xml */; };
		7C362AA620FBE0DE008155AA /* imore.xml in Resources */ = {isa = PBXBuildFile; fileRef = 7C362AA520FBE0DE008155AA /* imore.xml */; };
		7C362AA920FCFB16008155AA /* ArticleMock.swift in Sources */ = {isa = PBXBuildFile; fileRef = 7C362AA820FCFB16008155AA /* ArticleMock.swift */; };
		7C362AAB20FCFB64008155AA /* FeedMeStoreContextMock.swift in Sources */ = {isa = PBXBuildFile; fileRef = 7C362AAA20FCFB64008155AA /* FeedMeStoreContextMock.swift */; };
		7C362AAE20FCFBA5008155AA /* XCTestExtension.swift in Sources */ = {isa = PBXBuildFile; fileRef = 7C362AAD20FCFBA5008155AA /* XCTestExtension.swift */; };
		7C362AB020FCFBCB008155AA /* FeedMeStoreMock.swift in Sources */ = {isa = PBXBuildFile; fileRef = 7C362AAF20FCFBCB008155AA /* FeedMeStoreMock.swift */; };
		7C362AB220FCFBF4008155AA /* ArticleResultsControllerMock.swift in Sources */ = {isa = PBXBuildFile; fileRef = 7C362AB120FCFBF4008155AA /* ArticleResultsControllerMock.swift */; };
		7C362AB420FCFC30008155AA /* DataDownloaderMock.swift in Sources */ = {isa = PBXBuildFile; fileRef = 7C362AB320FCFC30008155AA /* DataDownloaderMock.swift */; };
		7C362AB720FCFDD1008155AA /* StringExtension.swift in Sources */ = {isa = PBXBuildFile; fileRef = 7C362AB620FCFDD1008155AA /* StringExtension.swift */; };
		7C362AB920FCFE0A008155AA /* DataDownloader.swift in Sources */ = {isa = PBXBuildFile; fileRef = 7C362AB820FCFE0A008155AA /* DataDownloader.swift */; };
		7C362ABB20FCFE2B008155AA /* FetchFeedOperation.swift in Sources */ = {isa = PBXBuildFile; fileRef = 7C362ABA20FCFE2B008155AA /* FetchFeedOperation.swift */; };
		7CB8FAFB20F93555001C6674 /* AppDelegate.swift in Sources */ = {isa = PBXBuildFile; fileRef = 7CB8FAFA20F93555001C6674 /* AppDelegate.swift */; };
		7CB8FB0020F93555001C6674 /* Main.storyboard in Resources */ = {isa = PBXBuildFile; fileRef = 7CB8FAFE20F93555001C6674 /* Main.storyboard */; };
		7CB8FB0220F93556001C6674 /* Assets.xcassets in Resources */ = {isa = PBXBuildFile; fileRef = 7CB8FB0120F93556001C6674 /* Assets.xcassets */; };
		7CB8FB0520F93556001C6674 /* LaunchScreen.storyboard in Resources */ = {isa = PBXBuildFile; fileRef = 7CB8FB0320F93556001C6674 /* LaunchScreen.storyboard */; };
		7CB8FB1B20F93556001C6674 /* FeedMeUITests.swift in Sources */ = {isa = PBXBuildFile; fileRef = 7CB8FB1A20F93556001C6674 /* FeedMeUITests.swift */; };
		7CB8FB2920F93719001C6674 /* ArticleListViewController.swift in Sources */ = {isa = PBXBuildFile; fileRef = 7CB8FB2820F93719001C6674 /* ArticleListViewController.swift */; };
		7CB8FB2B20F93749001C6674 /* ArticleListTableViewCell.swift in Sources */ = {isa = PBXBuildFile; fileRef = 7CB8FB2A20F93749001C6674 /* ArticleListTableViewCell.swift */; };
		7CB8FB4D20F93BA4001C6674 /* FeedKit.framework in Frameworks */ = {isa = PBXBuildFile; fileRef = 7CB8FB3A20F93B55001C6674 /* FeedKit.framework */; };
		7CB8FB4E20F93BA4001C6674 /* FeedKit.framework in Embed Frameworks */ = {isa = PBXBuildFile; fileRef = 7CB8FB3A20F93B55001C6674 /* FeedKit.framework */; settings = {ATTRIBUTES = (CodeSignOnCopy, RemoveHeadersOnCopy, ); }; };
/* End PBXBuildFile section */

/* Begin PBXContainerItemProxy section */
		7CB8FB0C20F93556001C6674 /* PBXContainerItemProxy */ = {
			isa = PBXContainerItemProxy;
			containerPortal = 7CB8FAEF20F93554001C6674 /* Project object */;
			proxyType = 1;
			remoteGlobalIDString = 7CB8FAF620F93554001C6674;
			remoteInfo = FeedMe;
		};
		7CB8FB1720F93556001C6674 /* PBXContainerItemProxy */ = {
			isa = PBXContainerItemProxy;
			containerPortal = 7CB8FAEF20F93554001C6674 /* Project object */;
			proxyType = 1;
			remoteGlobalIDString = 7CB8FAF620F93554001C6674;
			remoteInfo = FeedMe;
		};
		7CB8FB3920F93B55001C6674 /* PBXContainerItemProxy */ = {
			isa = PBXContainerItemProxy;
			containerPortal = 7CB8FB2C20F93B55001C6674 /* FeedKit.xcodeproj */;
			proxyType = 2;
			remoteGlobalIDString = A0EF4E0C1CE86D1E00C52142;
			remoteInfo = "FeedKit iOS";
		};
		7CB8FB3B20F93B55001C6674 /* PBXContainerItemProxy */ = {
			isa = PBXContainerItemProxy;
			containerPortal = 7CB8FB2C20F93B55001C6674 /* FeedKit.xcodeproj */;
			proxyType = 2;
			remoteGlobalIDString = A0EF4DE81CE86C3800C52142;
			remoteInfo = "FeedKit tvOS";
		};
		7CB8FB3D20F93B55001C6674 /* PBXContainerItemProxy */ = {
			isa = PBXContainerItemProxy;
			containerPortal = 7CB8FB2C20F93B55001C6674 /* FeedKit.xcodeproj */;
			proxyType = 2;
			remoteGlobalIDString = A0EF4DFA1CE86CA200C52142;
			remoteInfo = "FeedKit macOS";
		};
		7CB8FB3F20F93B55001C6674 /* PBXContainerItemProxy */ = {
			isa = PBXContainerItemProxy;
			containerPortal = 7CB8FB2C20F93B55001C6674 /* FeedKit.xcodeproj */;
			proxyType = 2;
			remoteGlobalIDString = A0370EB91CEF9D5A009583A3;
			remoteInfo = "FeedKit watchOS";
		};
		7CB8FB4120F93B55001C6674 /* PBXContainerItemProxy */ = {
			isa = PBXContainerItemProxy;
			containerPortal = 7CB8FB2C20F93B55001C6674 /* FeedKit.xcodeproj */;
			proxyType = 2;
			remoteGlobalIDString = A0EF4DAC1CE869AD00C52142;
			remoteInfo = "FeedKit Example iOS";
		};
		7CB8FB4320F93B55001C6674 /* PBXContainerItemProxy */ = {
			isa = PBXContainerItemProxy;
			containerPortal = 7CB8FB2C20F93B55001C6674 /* FeedKit.xcodeproj */;
			proxyType = 2;
			remoteGlobalIDString = A0EF4DC21CE86A0600C52142;
			remoteInfo = "FeedKit Example tvOS";
		};
		7CB8FB4520F93B55001C6674 /* PBXContainerItemProxy */ = {
			isa = PBXContainerItemProxy;
			containerPortal = 7CB8FB2C20F93B55001C6674 /* FeedKit.xcodeproj */;
			proxyType = 2;
			remoteGlobalIDString = A0EF4DD51CE86A7700C52142;
			remoteInfo = "FeedKit Example macOS";
		};
		7CB8FB4720F93B55001C6674 /* PBXContainerItemProxy */ = {
			isa = PBXContainerItemProxy;
			containerPortal = 7CB8FB2C20F93B55001C6674 /* FeedKit.xcodeproj */;
			proxyType = 2;
			remoteGlobalIDString = A09C84FE1CE9AE2300D20CAB;
			remoteInfo = "FeedKit iOS Tests";
		};
		7CB8FB4920F93B55001C6674 /* PBXContainerItemProxy */ = {
			isa = PBXContainerItemProxy;
			containerPortal = 7CB8FB2C20F93B55001C6674 /* FeedKit.xcodeproj */;
			proxyType = 2;
			remoteGlobalIDString = A09C850D1CE9AE4F00D20CAB;
			remoteInfo = "FeedKit tvOS Tests";
		};
		7CB8FB4B20F93B55001C6674 /* PBXContainerItemProxy */ = {
			isa = PBXContainerItemProxy;
			containerPortal = 7CB8FB2C20F93B55001C6674 /* FeedKit.xcodeproj */;
			proxyType = 2;
			remoteGlobalIDString = A09C851C1CE9AE6A00D20CAB;
			remoteInfo = "FeedKit macOS Tests";
		};
		7CB8FB4F20F93BA4001C6674 /* PBXContainerItemProxy */ = {
			isa = PBXContainerItemProxy;
			containerPortal = 7CB8FB2C20F93B55001C6674 /* FeedKit.xcodeproj */;
			proxyType = 1;
			remoteGlobalIDString = A0EF4E0B1CE86D1E00C52142;
			remoteInfo = "FeedKit iOS";
		};
/* End PBXContainerItemProxy section */

/* Begin PBXCopyFilesBuildPhase section */
		7CB8FB5120F93BA4001C6674 /* Embed Frameworks */ = {
			isa = PBXCopyFilesBuildPhase;
			buildActionMask = 2147483647;
			dstPath = "";
			dstSubfolderSpec = 10;
			files = (
				7CB8FB4E20F93BA4001C6674 /* FeedKit.framework in Embed Frameworks */,
			);
			name = "Embed Frameworks";
			runOnlyForDeploymentPostprocessing = 0;
		};
/* End PBXCopyFilesBuildPhase section */

/* Begin PBXFileReference section */
		7C362A8720F9EF6E008155AA /* Cache.swift */ = {isa = PBXFileReference; lastKnownFileType = sourcecode.swift; path = Cache.swift; sourceTree = "<group>"; };
		7C362A9320F9F446008155AA /* FeedMe.xcdatamodel */ = {isa = PBXFileReference; lastKnownFileType = wrapper.xcdatamodel; path = FeedMe.xcdatamodel; sourceTree = "<group>"; };
		7C362A9620F9F6AB008155AA /* CoreData.framework */ = {isa = PBXFileReference; lastKnownFileType = wrapper.framework; name = CoreData.framework; path = System/Library/Frameworks/CoreData.framework; sourceTree = SDKROOT; };
		7C362A9820F9F9DD008155AA /* FeedMeStore.swift */ = {isa = PBXFileReference; lastKnownFileType = sourcecode.swift; path = FeedMeStore.swift; sourceTree = "<group>"; };
		7C362A9A20FA876E008155AA /* FeedFetcher.swift */ = {isa = PBXFileReference; lastKnownFileType = sourcecode.swift; path = FeedFetcher.swift; sourceTree = "<group>"; };
		7C362A9D20FB7B46008155AA /* FeedMeCoreDataStore.swift */ = {isa = PBXFileReference; lastKnownFileType = sourcecode.swift; path = FeedMeCoreDataStore.swift; sourceTree = "<group>"; };
		7C362AA020FB7FC4008155AA /* FeedFetcherTest.swift */ = {isa = PBXFileReference; lastKnownFileType = sourcecode.swift; path = FeedFetcherTest.swift; sourceTree = "<group>"; };
		7C362AA320FB88B0008155AA /* 9to5mac.xml */ = {isa = PBXFileReference; fileEncoding = 4; lastKnownFileType = text.xml; path = 9to5mac.xml; sourceTree = "<group>"; };
		7C362AA520FBE0DE008155AA /* imore.xml */ = {isa = PBXFileReference; fileEncoding = 4; lastKnownFileType = text.xml; path = imore.xml; sourceTree = "<group>"; };
		7C362AA820FCFB16008155AA /* ArticleMock.swift */ = {isa = PBXFileReference; lastKnownFileType = sourcecode.swift; path = ArticleMock.swift; sourceTree = "<group>"; };
		7C362AAA20FCFB64008155AA /* FeedMeStoreContextMock.swift */ = {isa = PBXFileReference; lastKnownFileType = sourcecode.swift; path = FeedMeStoreContextMock.swift; sourceTree = "<group>"; };
		7C362AAD20FCFBA5008155AA /* XCTestExtension.swift */ = {isa = PBXFileReference; lastKnownFileType = sourcecode.swift; path = XCTestExtension.swift; sourceTree = "<group>"; };
		7C362AAF20FCFBCB008155AA /* FeedMeStoreMock.swift */ = {isa = PBXFileReference; lastKnownFileType = sourcecode.swift; path = FeedMeStoreMock.swift; sourceTree = "<group>"; };
		7C362AB120FCFBF4008155AA /* ArticleResultsControllerMock.swift */ = {isa = PBXFileReference; lastKnownFileType = sourcecode.swift; path = ArticleResultsControllerMock.swift; sourceTree = "<group>"; };
		7C362AB320FCFC30008155AA /* DataDownloaderMock.swift */ = {isa = PBXFileReference; lastKnownFileType = sourcecode.swift; path = DataDownloaderMock.swift; sourceTree = "<group>"; };
		7C362AB620FCFDD1008155AA /* StringExtension.swift */ = {isa = PBXFileReference; lastKnownFileType = sourcecode.swift; path = StringExtension.swift; sourceTree = "<group>"; };
		7C362AB820FCFE0A008155AA /* DataDownloader.swift */ = {isa = PBXFileReference; lastKnownFileType = sourcecode.swift; path = DataDownloader.swift; sourceTree = "<group>"; };
		7C362ABA20FCFE2B008155AA /* FetchFeedOperation.swift */ = {isa = PBXFileReference; lastKnownFileType = sourcecode.swift; path = FetchFeedOperation.swift; sourceTree = "<group>"; };
		7CB8FAF720F93554001C6674 /* FeedMe.app */ = {isa = PBXFileReference; explicitFileType = wrapper.application; includeInIndex = 0; path = FeedMe.app; sourceTree = BUILT_PRODUCTS_DIR; };
		7CB8FAFA20F93555001C6674 /* AppDelegate.swift */ = {isa = PBXFileReference; lastKnownFileType = sourcecode.swift; path = AppDelegate.swift; sourceTree = "<group>"; };
		7CB8FAFF20F93555001C6674 /* Base */ = {isa = PBXFileReference; lastKnownFileType = file.storyboard; name = Base; path = Base.lproj/Main.storyboard; sourceTree = "<group>"; };
		7CB8FB0120F93556001C6674 /* Assets.xcassets */ = {isa = PBXFileReference; lastKnownFileType = folder.assetcatalog; path = Assets.xcassets; sourceTree = "<group>"; };
		7CB8FB0420F93556001C6674 /* Base */ = {isa = PBXFileReference; lastKnownFileType = file.storyboard; name = Base; path = Base.lproj/LaunchScreen.storyboard; sourceTree = "<group>"; };
		7CB8FB0620F93556001C6674 /* Info.plist */ = {isa = PBXFileReference; lastKnownFileType = text.plist.xml; path = Info.plist; sourceTree = "<group>"; };
		7CB8FB0B20F93556001C6674 /* FeedMeTests.xctest */ = {isa = PBXFileReference; explicitFileType = wrapper.cfbundle; includeInIndex = 0; path = FeedMeTests.xctest; sourceTree = BUILT_PRODUCTS_DIR; };
		7CB8FB1120F93556001C6674 /* Info.plist */ = {isa = PBXFileReference; lastKnownFileType = text.plist.xml; path = Info.plist; sourceTree = "<group>"; };
		7CB8FB1620F93556001C6674 /* FeedMeUITests.xctest */ = {isa = PBXFileReference; explicitFileType = wrapper.cfbundle; includeInIndex = 0; path = FeedMeUITests.xctest; sourceTree = BUILT_PRODUCTS_DIR; };
		7CB8FB1A20F93556001C6674 /* FeedMeUITests.swift */ = {isa = PBXFileReference; lastKnownFileType = sourcecode.swift; path = FeedMeUITests.swift; sourceTree = "<group>"; };
		7CB8FB1C20F93556001C6674 /* Info.plist */ = {isa = PBXFileReference; lastKnownFileType = text.plist.xml; path = Info.plist; sourceTree = "<group>"; };
		7CB8FB2820F93719001C6674 /* ArticleListViewController.swift */ = {isa = PBXFileReference; lastKnownFileType = sourcecode.swift; path = ArticleListViewController.swift; sourceTree = "<group>"; };
		7CB8FB2A20F93749001C6674 /* ArticleListTableViewCell.swift */ = {isa = PBXFileReference; lastKnownFileType = sourcecode.swift; path = ArticleListTableViewCell.swift; sourceTree = "<group>"; };
		7CB8FB2C20F93B55001C6674 /* FeedKit.xcodeproj */ = {isa = PBXFileReference; lastKnownFileType = "wrapper.pb-project"; name = FeedKit.xcodeproj; path = ../FeedKit/FeedKit.xcodeproj; sourceTree = "<group>"; };
/* End PBXFileReference section */

/* Begin PBXFrameworksBuildPhase section */
		7CB8FAF420F93554001C6674 /* Frameworks */ = {
			isa = PBXFrameworksBuildPhase;
			buildActionMask = 2147483647;
			files = (
				7C362A9720F9F6AB008155AA /* CoreData.framework in Frameworks */,
				7CB8FB4D20F93BA4001C6674 /* FeedKit.framework in Frameworks */,
			);
			runOnlyForDeploymentPostprocessing = 0;
		};
		7CB8FB0820F93556001C6674 /* Frameworks */ = {
			isa = PBXFrameworksBuildPhase;
			buildActionMask = 2147483647;
			files = (
			);
			runOnlyForDeploymentPostprocessing = 0;
		};
		7CB8FB1320F93556001C6674 /* Frameworks */ = {
			isa = PBXFrameworksBuildPhase;
			buildActionMask = 2147483647;
			files = (
			);
			runOnlyForDeploymentPostprocessing = 0;
		};
/* End PBXFrameworksBuildPhase section */

/* Begin PBXGroup section */
		7C362A9520F9F6AB008155AA /* Frameworks */ = {
			isa = PBXGroup;
			children = (
				7C362A9620F9F6AB008155AA /* CoreData.framework */,
			);
			name = Frameworks;
			sourceTree = "<group>";
		};
		7C362A9C20FB7B18008155AA /* FeedMeStore */ = {
			isa = PBXGroup;
			children = (
				7C362A9820F9F9DD008155AA /* FeedMeStore.swift */,
				7C362A9D20FB7B46008155AA /* FeedMeCoreDataStore.swift */,
				7C362A9220F9F446008155AA /* FeedMe.xcdatamodeld */,
			);
			path = FeedMeStore;
			sourceTree = "<group>";
		};
		7C362A9F20FB7EB1008155AA /* FeedFetcher */ = {
			isa = PBXGroup;
			children = (
				7C362A9A20FA876E008155AA /* FeedFetcher.swift */,
				7C362AA020FB7FC4008155AA /* FeedFetcherTest.swift */,
				7C362AB820FCFE0A008155AA /* DataDownloader.swift */,
				7C362ABA20FCFE2B008155AA /* FetchFeedOperation.swift */,
			);
			path = FeedFetcher;
			sourceTree = "<group>";
		};
		7C362AA220FB8874008155AA /* Resources */ = {
			isa = PBXGroup;
			children = (
				7C362AA320FB88B0008155AA /* 9to5mac.xml */,
				7C362AA520FBE0DE008155AA /* imore.xml */,
			);
			path = Resources;
			sourceTree = "<group>";
		};
		7C362AA720FCFAF8008155AA /* Mocks */ = {
			isa = PBXGroup;
			children = (
				7C362AA820FCFB16008155AA /* ArticleMock.swift */,
				7C362AAA20FCFB64008155AA /* FeedMeStoreContextMock.swift */,
				7C362AAF20FCFBCB008155AA /* FeedMeStoreMock.swift */,
				7C362AB120FCFBF4008155AA /* ArticleResultsControllerMock.swift */,
				7C362AB320FCFC30008155AA /* DataDownloaderMock.swift */,
			);
			path = Mocks;
			sourceTree = "<group>";
		};
		7C362AAC20FCFB8C008155AA /* Extensions */ = {
			isa = PBXGroup;
			children = (
				7C362AAD20FCFBA5008155AA /* XCTestExtension.swift */,
			);
			path = Extensions;
			sourceTree = "<group>";
		};
		7C362AB520FCFDB8008155AA /* Extensions */ = {
			isa = PBXGroup;
			children = (
				7C362AB620FCFDD1008155AA /* StringExtension.swift */,
			);
			path = Extensions;
			sourceTree = "<group>";
		};
		7CB8FAEE20F93554001C6674 = {
			isa = PBXGroup;
			children = (
				7CB8FB2C20F93B55001C6674 /* FeedKit.xcodeproj */,
				7CB8FAF920F93554001C6674 /* FeedMe */,
				7CB8FB0E20F93556001C6674 /* FeedMeTests */,
				7CB8FB1920F93556001C6674 /* FeedMeUITests */,
				7CB8FAF820F93554001C6674 /* Products */,
				7C362A9520F9F6AB008155AA /* Frameworks */,
			);
			sourceTree = "<group>";
		};
		7CB8FAF820F93554001C6674 /* Products */ = {
			isa = PBXGroup;
			children = (
				7CB8FAF720F93554001C6674 /* FeedMe.app */,
				7CB8FB0B20F93556001C6674 /* FeedMeTests.xctest */,
				7CB8FB1620F93556001C6674 /* FeedMeUITests.xctest */,
			);
			name = Products;
			sourceTree = "<group>";
		};
		7CB8FAF920F93554001C6674 /* FeedMe */ = {
			isa = PBXGroup;
			children = (
				7C362AB520FCFDB8008155AA /* Extensions */,
				7C362A9F20FB7EB1008155AA /* FeedFetcher */,
				7C362A9C20FB7B18008155AA /* FeedMeStore */,
				7CB8FB0320F93556001C6674 /* LaunchScreen.storyboard */,
				7CB8FAFA20F93555001C6674 /* AppDelegate.swift */,
				7CB8FAFE20F93555001C6674 /* Main.storyboard */,
				7CB8FB0120F93556001C6674 /* Assets.xcassets */,
				7CB8FB0620F93556001C6674 /* Info.plist */,
				7CB8FB2820F93719001C6674 /* ArticleListViewController.swift */,
				7CB8FB2A20F93749001C6674 /* ArticleListTableViewCell.swift */,
				7C362A8720F9EF6E008155AA /* Cache.swift */,
			);
			path = FeedMe;
			sourceTree = "<group>";
		};
		7CB8FB0E20F93556001C6674 /* FeedMeTests */ = {
			isa = PBXGroup;
			children = (
				7C362AAC20FCFB8C008155AA /* Extensions */,
				7C362AA720FCFAF8008155AA /* Mocks */,
				7C362AA220FB8874008155AA /* Resources */,
				7CB8FB1120F93556001C6674 /* Info.plist */,
			);
			path = FeedMeTests;
			sourceTree = "<group>";
		};
		7CB8FB1920F93556001C6674 /* FeedMeUITests */ = {
			isa = PBXGroup;
			children = (
				7CB8FB1A20F93556001C6674 /* FeedMeUITests.swift */,
				7CB8FB1C20F93556001C6674 /* Info.plist */,
			);
			path = FeedMeUITests;
			sourceTree = "<group>";
		};
		7CB8FB2D20F93B55001C6674 /* Products */ = {
			isa = PBXGroup;
			children = (
				7CB8FB3A20F93B55001C6674 /* FeedKit.framework */,
				7CB8FB3C20F93B55001C6674 /* FeedKit.framework */,
				7CB8FB3E20F93B55001C6674 /* FeedKit.framework */,
				7CB8FB4020F93B55001C6674 /* FeedKit.framework */,
				7CB8FB4220F93B55001C6674 /* FeedKit Example iOS.app */,
				7CB8FB4420F93B55001C6674 /* FeedKit Example tvOS.app */,
				7CB8FB4620F93B55001C6674 /* FeedKit Example macOS.app */,
				7CB8FB4820F93B55001C6674 /* FeedKit iOS Tests.xctest */,
				7CB8FB4A20F93B55001C6674 /* FeedKit tvOS Tests.xctest */,
				7CB8FB4C20F93B55001C6674 /* FeedKit macOS Tests.xctest */,
			);
			name = Products;
			sourceTree = "<group>";
		};
/* End PBXGroup section */

/* Begin PBXNativeTarget section */
		7CB8FAF620F93554001C6674 /* FeedMe */ = {
			isa = PBXNativeTarget;
			buildConfigurationList = 7CB8FB1F20F93556001C6674 /* Build configuration list for PBXNativeTarget "FeedMe" */;
			buildPhases = (
				7CB8FAF320F93554001C6674 /* Sources */,
				7CB8FAF420F93554001C6674 /* Frameworks */,
				7CB8FAF520F93554001C6674 /* Resources */,
				7CB8FB5120F93BA4001C6674 /* Embed Frameworks */,
			);
			buildRules = (
			);
			dependencies = (
				7CB8FB5020F93BA4001C6674 /* PBXTargetDependency */,
			);
			name = FeedMe;
			productName = FeedMe;
			productReference = 7CB8FAF720F93554001C6674 /* FeedMe.app */;
			productType = "com.apple.product-type.application";
		};
		7CB8FB0A20F93556001C6674 /* FeedMeTests */ = {
			isa = PBXNativeTarget;
			buildConfigurationList = 7CB8FB2220F93556001C6674 /* Build configuration list for PBXNativeTarget "FeedMeTests" */;
			buildPhases = (
				7CB8FB0720F93556001C6674 /* Sources */,
				7CB8FB0820F93556001C6674 /* Frameworks */,
				7CB8FB0920F93556001C6674 /* Resources */,
			);
			buildRules = (
			);
			dependencies = (
				7CB8FB0D20F93556001C6674 /* PBXTargetDependency */,
			);
			name = FeedMeTests;
			productName = FeedMeTests;
			productReference = 7CB8FB0B20F93556001C6674 /* FeedMeTests.xctest */;
			productType = "com.apple.product-type.bundle.unit-test";
		};
		7CB8FB1520F93556001C6674 /* FeedMeUITests */ = {
			isa = PBXNativeTarget;
			buildConfigurationList = 7CB8FB2520F93556001C6674 /* Build configuration list for PBXNativeTarget "FeedMeUITests" */;
			buildPhases = (
				7CB8FB1220F93556001C6674 /* Sources */,
				7CB8FB1320F93556001C6674 /* Frameworks */,
				7CB8FB1420F93556001C6674 /* Resources */,
			);
			buildRules = (
			);
			dependencies = (
				7CB8FB1820F93556001C6674 /* PBXTargetDependency */,
			);
			name = FeedMeUITests;
			productName = FeedMeUITests;
			productReference = 7CB8FB1620F93556001C6674 /* FeedMeUITests.xctest */;
			productType = "com.apple.product-type.bundle.ui-testing";
		};
/* End PBXNativeTarget section */

/* Begin PBXProject section */
		7CB8FAEF20F93554001C6674 /* Project object */ = {
			isa = PBXProject;
			attributes = {
				LastSwiftUpdateCheck = 0940;
				LastUpgradeCheck = 0940;
				ORGANIZATIONNAME = "Patrik Olsson";
				TargetAttributes = {
					7CB8FAF620F93554001C6674 = {
						CreatedOnToolsVersion = 9.4.1;
					};
					7CB8FB0A20F93556001C6674 = {
						CreatedOnToolsVersion = 9.4.1;
						TestTargetID = 7CB8FAF620F93554001C6674;
					};
					7CB8FB1520F93556001C6674 = {
						CreatedOnToolsVersion = 9.4.1;
						TestTargetID = 7CB8FAF620F93554001C6674;
					};
				};
			};
			buildConfigurationList = 7CB8FAF220F93554001C6674 /* Build configuration list for PBXProject "FeedMe" */;
			compatibilityVersion = "Xcode 9.3";
			developmentRegion = en;
			hasScannedForEncodings = 0;
			knownRegions = (
				en,
				Base,
			);
			mainGroup = 7CB8FAEE20F93554001C6674;
			productRefGroup = 7CB8FAF820F93554001C6674 /* Products */;
			projectDirPath = "";
			projectReferences = (
				{
					ProductGroup = 7CB8FB2D20F93B55001C6674 /* Products */;
					ProjectRef = 7CB8FB2C20F93B55001C6674 /* FeedKit.xcodeproj */;
				},
			);
			projectRoot = "";
			targets = (
				7CB8FAF620F93554001C6674 /* FeedMe */,
				7CB8FB0A20F93556001C6674 /* FeedMeTests */,
				7CB8FB1520F93556001C6674 /* FeedMeUITests */,
			);
		};
/* End PBXProject section */

/* Begin PBXReferenceProxy section */
		7CB8FB3A20F93B55001C6674 /* FeedKit.framework */ = {
			isa = PBXReferenceProxy;
			fileType = wrapper.framework;
			path = FeedKit.framework;
			remoteRef = 7CB8FB3920F93B55001C6674 /* PBXContainerItemProxy */;
			sourceTree = BUILT_PRODUCTS_DIR;
		};
		7CB8FB3C20F93B55001C6674 /* FeedKit.framework */ = {
			isa = PBXReferenceProxy;
			fileType = wrapper.framework;
			path = FeedKit.framework;
			remoteRef = 7CB8FB3B20F93B55001C6674 /* PBXContainerItemProxy */;
			sourceTree = BUILT_PRODUCTS_DIR;
		};
		7CB8FB3E20F93B55001C6674 /* FeedKit.framework */ = {
			isa = PBXReferenceProxy;
			fileType = wrapper.framework;
			path = FeedKit.framework;
			remoteRef = 7CB8FB3D20F93B55001C6674 /* PBXContainerItemProxy */;
			sourceTree = BUILT_PRODUCTS_DIR;
		};
		7CB8FB4020F93B55001C6674 /* FeedKit.framework */ = {
			isa = PBXReferenceProxy;
			fileType = wrapper.framework;
			path = FeedKit.framework;
			remoteRef = 7CB8FB3F20F93B55001C6674 /* PBXContainerItemProxy */;
			sourceTree = BUILT_PRODUCTS_DIR;
		};
		7CB8FB4220F93B55001C6674 /* FeedKit Example iOS.app */ = {
			isa = PBXReferenceProxy;
			fileType = wrapper.application;
			path = "FeedKit Example iOS.app";
			remoteRef = 7CB8FB4120F93B55001C6674 /* PBXContainerItemProxy */;
			sourceTree = BUILT_PRODUCTS_DIR;
		};
		7CB8FB4420F93B55001C6674 /* FeedKit Example tvOS.app */ = {
			isa = PBXReferenceProxy;
			fileType = wrapper.application;
			path = "FeedKit Example tvOS.app";
			remoteRef = 7CB8FB4320F93B55001C6674 /* PBXContainerItemProxy */;
			sourceTree = BUILT_PRODUCTS_DIR;
		};
		7CB8FB4620F93B55001C6674 /* FeedKit Example macOS.app */ = {
			isa = PBXReferenceProxy;
			fileType = wrapper.application;
			path = "FeedKit Example macOS.app";
			remoteRef = 7CB8FB4520F93B55001C6674 /* PBXContainerItemProxy */;
			sourceTree = BUILT_PRODUCTS_DIR;
		};
		7CB8FB4820F93B55001C6674 /* FeedKit iOS Tests.xctest */ = {
			isa = PBXReferenceProxy;
			fileType = wrapper.cfbundle;
			path = "FeedKit iOS Tests.xctest";
			remoteRef = 7CB8FB4720F93B55001C6674 /* PBXContainerItemProxy */;
			sourceTree = BUILT_PRODUCTS_DIR;
		};
		7CB8FB4A20F93B55001C6674 /* FeedKit tvOS Tests.xctest */ = {
			isa = PBXReferenceProxy;
			fileType = wrapper.cfbundle;
			path = "FeedKit tvOS Tests.xctest";
			remoteRef = 7CB8FB4920F93B55001C6674 /* PBXContainerItemProxy */;
			sourceTree = BUILT_PRODUCTS_DIR;
		};
		7CB8FB4C20F93B55001C6674 /* FeedKit macOS Tests.xctest */ = {
			isa = PBXReferenceProxy;
			fileType = wrapper.cfbundle;
			path = "FeedKit macOS Tests.xctest";
			remoteRef = 7CB8FB4B20F93B55001C6674 /* PBXContainerItemProxy */;
			sourceTree = BUILT_PRODUCTS_DIR;
		};
/* End PBXReferenceProxy section */

/* Begin PBXResourcesBuildPhase section */
		7CB8FAF520F93554001C6674 /* Resources */ = {
			isa = PBXResourcesBuildPhase;
			buildActionMask = 2147483647;
			files = (
				7CB8FB0520F93556001C6674 /* LaunchScreen.storyboard in Resources */,
				7CB8FB0220F93556001C6674 /* Assets.xcassets in Resources */,
				7CB8FB0020F93555001C6674 /* Main.storyboard in Resources */,
			);
			runOnlyForDeploymentPostprocessing = 0;
		};
		7CB8FB0920F93556001C6674 /* Resources */ = {
			isa = PBXResourcesBuildPhase;
			buildActionMask = 2147483647;
			files = (
				7C362AA620FBE0DE008155AA /* imore.xml in Resources */,
				7C362AA420FB88B0008155AA /* 9to5mac.xml in Resources */,
			);
			runOnlyForDeploymentPostprocessing = 0;
		};
		7CB8FB1420F93556001C6674 /* Resources */ = {
			isa = PBXResourcesBuildPhase;
			buildActionMask = 2147483647;
			files = (
			);
			runOnlyForDeploymentPostprocessing = 0;
		};
/* End PBXResourcesBuildPhase section */

/* Begin PBXSourcesBuildPhase section */
		7CB8FAF320F93554001C6674 /* Sources */ = {
			isa = PBXSourcesBuildPhase;
			buildActionMask = 2147483647;
			files = (
				7CB8FAFB20F93555001C6674 /* AppDelegate.swift in Sources */,
				7CB8FB2920F93719001C6674 /* ArticleListViewController.swift in Sources */,
				7C362A9E20FB7B46008155AA /* FeedMeCoreDataStore.swift in Sources */,
				7C362ABB20FCFE2B008155AA /* FetchFeedOperation.swift in Sources */,
				7C362A9B20FA876E008155AA /* FeedFetcher.swift in Sources */,
				7C362A8820F9EF6E008155AA /* Cache.swift in Sources */,
				7C362AB720FCFDD1008155AA /* StringExtension.swift in Sources */,
				7C362AB920FCFE0A008155AA /* DataDownloader.swift in Sources */,
				7C362A9920F9F9DD008155AA /* FeedMeStore.swift in Sources */,
				7C362A9420F9F446008155AA /* FeedMe.xcdatamodeld in Sources */,
				7CB8FB2B20F93749001C6674 /* ArticleListTableViewCell.swift in Sources */,
			);
			runOnlyForDeploymentPostprocessing = 0;
		};
		7CB8FB0720F93556001C6674 /* Sources */ = {
			isa = PBXSourcesBuildPhase;
			buildActionMask = 2147483647;
			files = (
				7C362AB220FCFBF4008155AA /* ArticleResultsControllerMock.swift in Sources */,
				7C362AAB20FCFB64008155AA /* FeedMeStoreContextMock.swift in Sources */,
				7C362AA120FB7FC4008155AA /* FeedFetcherTest.swift in Sources */,
				7C362AB020FCFBCB008155AA /* FeedMeStoreMock.swift in Sources */,
				7C362AAE20FCFBA5008155AA /* XCTestExtension.swift in Sources */,
				7C362AB420FCFC30008155AA /* DataDownloaderMock.swift in Sources */,
				7C362AA920FCFB16008155AA /* ArticleMock.swift in Sources */,
			);
			runOnlyForDeploymentPostprocessing = 0;
		};
		7CB8FB1220F93556001C6674 /* Sources */ = {
			isa = PBXSourcesBuildPhase;
			buildActionMask = 2147483647;
			files = (
				7CB8FB1B20F93556001C6674 /* FeedMeUITests.swift in Sources */,
			);
			runOnlyForDeploymentPostprocessing = 0;
		};
/* End PBXSourcesBuildPhase section */

/* Begin PBXTargetDependency section */
		7CB8FB0D20F93556001C6674 /* PBXTargetDependency */ = {
			isa = PBXTargetDependency;
			target = 7CB8FAF620F93554001C6674 /* FeedMe */;
			targetProxy = 7CB8FB0C20F93556001C6674 /* PBXContainerItemProxy */;
		};
		7CB8FB1820F93556001C6674 /* PBXTargetDependency */ = {
			isa = PBXTargetDependency;
			target = 7CB8FAF620F93554001C6674 /* FeedMe */;
			targetProxy = 7CB8FB1720F93556001C6674 /* PBXContainerItemProxy */;
		};
		7CB8FB5020F93BA4001C6674 /* PBXTargetDependency */ = {
			isa = PBXTargetDependency;
			name = "FeedKit iOS";
			targetProxy = 7CB8FB4F20F93BA4001C6674 /* PBXContainerItemProxy */;
		};
/* End PBXTargetDependency section */

/* Begin PBXVariantGroup section */
		7CB8FAFE20F93555001C6674 /* Main.storyboard */ = {
			isa = PBXVariantGroup;
			children = (
				7CB8FAFF20F93555001C6674 /* Base */,
			);
			name = Main.storyboard;
			sourceTree = "<group>";
		};
		7CB8FB0320F93556001C6674 /* LaunchScreen.storyboard */ = {
			isa = PBXVariantGroup;
			children = (
				7CB8FB0420F93556001C6674 /* Base */,
			);
			name = LaunchScreen.storyboard;
			sourceTree = "<group>";
		};
/* End PBXVariantGroup section */

/* Begin XCBuildConfiguration section */
		7CB8FB1D20F93556001C6674 /* Debug */ = {
			isa = XCBuildConfiguration;
			buildSettings = {
				ALWAYS_SEARCH_USER_PATHS = NO;
				CLANG_ANALYZER_NONNULL = YES;
				CLANG_ANALYZER_NUMBER_OBJECT_CONVERSION = YES_AGGRESSIVE;
				CLANG_CXX_LANGUAGE_STANDARD = "gnu++14";
				CLANG_CXX_LIBRARY = "libc++";
				CLANG_ENABLE_MODULES = YES;
				CLANG_ENABLE_OBJC_ARC = YES;
				CLANG_ENABLE_OBJC_WEAK = YES;
				CLANG_WARN_BLOCK_CAPTURE_AUTORELEASING = YES;
				CLANG_WARN_BOOL_CONVERSION = YES;
				CLANG_WARN_COMMA = YES;
				CLANG_WARN_CONSTANT_CONVERSION = YES;
				CLANG_WARN_DEPRECATED_OBJC_IMPLEMENTATIONS = YES;
				CLANG_WARN_DIRECT_OBJC_ISA_USAGE = YES_ERROR;
				CLANG_WARN_DOCUMENTATION_COMMENTS = YES;
				CLANG_WARN_EMPTY_BODY = YES;
				CLANG_WARN_ENUM_CONVERSION = YES;
				CLANG_WARN_INFINITE_RECURSION = YES;
				CLANG_WARN_INT_CONVERSION = YES;
				CLANG_WARN_NON_LITERAL_NULL_CONVERSION = YES;
				CLANG_WARN_OBJC_IMPLICIT_RETAIN_SELF = YES;
				CLANG_WARN_OBJC_LITERAL_CONVERSION = YES;
				CLANG_WARN_OBJC_ROOT_CLASS = YES_ERROR;
				CLANG_WARN_RANGE_LOOP_ANALYSIS = YES;
				CLANG_WARN_STRICT_PROTOTYPES = YES;
				CLANG_WARN_SUSPICIOUS_MOVE = YES;
				CLANG_WARN_UNGUARDED_AVAILABILITY = YES_AGGRESSIVE;
				CLANG_WARN_UNREACHABLE_CODE = YES;
				CLANG_WARN__DUPLICATE_METHOD_MATCH = YES;
				CODE_SIGN_IDENTITY = "iPhone Developer";
				COPY_PHASE_STRIP = NO;
				DEBUG_INFORMATION_FORMAT = dwarf;
				ENABLE_STRICT_OBJC_MSGSEND = YES;
				ENABLE_TESTABILITY = YES;
				GCC_C_LANGUAGE_STANDARD = gnu11;
				GCC_DYNAMIC_NO_PIC = NO;
				GCC_NO_COMMON_BLOCKS = YES;
				GCC_OPTIMIZATION_LEVEL = 0;
				GCC_PREPROCESSOR_DEFINITIONS = (
					"DEBUG=1",
					"$(inherited)",
				);
				GCC_WARN_64_TO_32_BIT_CONVERSION = YES;
				GCC_WARN_ABOUT_RETURN_TYPE = YES_ERROR;
				GCC_WARN_UNDECLARED_SELECTOR = YES;
				GCC_WARN_UNINITIALIZED_AUTOS = YES_AGGRESSIVE;
				GCC_WARN_UNUSED_FUNCTION = YES;
				GCC_WARN_UNUSED_VARIABLE = YES;
				IPHONEOS_DEPLOYMENT_TARGET = 11.4;
				MTL_ENABLE_DEBUG_INFO = YES;
				ONLY_ACTIVE_ARCH = YES;
				SDKROOT = iphoneos;
				SWIFT_ACTIVE_COMPILATION_CONDITIONS = DEBUG;
				SWIFT_OPTIMIZATION_LEVEL = "-Onone";
			};
			name = Debug;
		};
		7CB8FB1E20F93556001C6674 /* Release */ = {
			isa = XCBuildConfiguration;
			buildSettings = {
				ALWAYS_SEARCH_USER_PATHS = NO;
				CLANG_ANALYZER_NONNULL = YES;
				CLANG_ANALYZER_NUMBER_OBJECT_CONVERSION = YES_AGGRESSIVE;
				CLANG_CXX_LANGUAGE_STANDARD = "gnu++14";
				CLANG_CXX_LIBRARY = "libc++";
				CLANG_ENABLE_MODULES = YES;
				CLANG_ENABLE_OBJC_ARC = YES;
				CLANG_ENABLE_OBJC_WEAK = YES;
				CLANG_WARN_BLOCK_CAPTURE_AUTORELEASING = YES;
				CLANG_WARN_BOOL_CONVERSION = YES;
				CLANG_WARN_COMMA = YES;
				CLANG_WARN_CONSTANT_CONVERSION = YES;
				CLANG_WARN_DEPRECATED_OBJC_IMPLEMENTATIONS = YES;
				CLANG_WARN_DIRECT_OBJC_ISA_USAGE = YES_ERROR;
				CLANG_WARN_DOCUMENTATION_COMMENTS = YES;
				CLANG_WARN_EMPTY_BODY = YES;
				CLANG_WARN_ENUM_CONVERSION = YES;
				CLANG_WARN_INFINITE_RECURSION = YES;
				CLANG_WARN_INT_CONVERSION = YES;
				CLANG_WARN_NON_LITERAL_NULL_CONVERSION = YES;
				CLANG_WARN_OBJC_IMPLICIT_RETAIN_SELF = YES;
				CLANG_WARN_OBJC_LITERAL_CONVERSION = YES;
				CLANG_WARN_OBJC_ROOT_CLASS = YES_ERROR;
				CLANG_WARN_RANGE_LOOP_ANALYSIS = YES;
				CLANG_WARN_STRICT_PROTOTYPES = YES;
				CLANG_WARN_SUSPICIOUS_MOVE = YES;
				CLANG_WARN_UNGUARDED_AVAILABILITY = YES_AGGRESSIVE;
				CLANG_WARN_UNREACHABLE_CODE = YES;
				CLANG_WARN__DUPLICATE_METHOD_MATCH = YES;
				CODE_SIGN_IDENTITY = "iPhone Developer";
				COPY_PHASE_STRIP = NO;
				DEBUG_INFORMATION_FORMAT = "dwarf-with-dsym";
				ENABLE_NS_ASSERTIONS = NO;
				ENABLE_STRICT_OBJC_MSGSEND = YES;
				GCC_C_LANGUAGE_STANDARD = gnu11;
				GCC_NO_COMMON_BLOCKS = YES;
				GCC_WARN_64_TO_32_BIT_CONVERSION = YES;
				GCC_WARN_ABOUT_RETURN_TYPE = YES_ERROR;
				GCC_WARN_UNDECLARED_SELECTOR = YES;
				GCC_WARN_UNINITIALIZED_AUTOS = YES_AGGRESSIVE;
				GCC_WARN_UNUSED_FUNCTION = YES;
				GCC_WARN_UNUSED_VARIABLE = YES;
				IPHONEOS_DEPLOYMENT_TARGET = 11.4;
				MTL_ENABLE_DEBUG_INFO = NO;
				SDKROOT = iphoneos;
				SWIFT_COMPILATION_MODE = wholemodule;
				SWIFT_OPTIMIZATION_LEVEL = "-O";
				VALIDATE_PRODUCT = YES;
			};
			name = Release;
		};
		7CB8FB2020F93556001C6674 /* Debug */ = {
			isa = XCBuildConfiguration;
			buildSettings = {
				ALWAYS_EMBED_SWIFT_STANDARD_LIBRARIES = YES;
				ASSETCATALOG_COMPILER_APPICON_NAME = AppIcon;
				CODE_SIGN_STYLE = Automatic;
				DEVELOPMENT_TEAM = F7RFDTA3UC;
				INFOPLIST_FILE = FeedMe/Info.plist;
				LD_RUNPATH_SEARCH_PATHS = (
					"$(inherited)",
					"@executable_path/Frameworks",
				);
				PRODUCT_BUNDLE_IDENTIFIER = com.in2objects.FeedMe;
				PRODUCT_NAME = "$(TARGET_NAME)";
				SWIFT_VERSION = 4.0;
				TARGETED_DEVICE_FAMILY = "1,2";
			};
			name = Debug;
		};
		7CB8FB2120F93556001C6674 /* Release */ = {
			isa = XCBuildConfiguration;
			buildSettings = {
				ALWAYS_EMBED_SWIFT_STANDARD_LIBRARIES = YES;
				ASSETCATALOG_COMPILER_APPICON_NAME = AppIcon;
				CODE_SIGN_STYLE = Automatic;
				DEVELOPMENT_TEAM = F7RFDTA3UC;
				INFOPLIST_FILE = FeedMe/Info.plist;
				LD_RUNPATH_SEARCH_PATHS = (
					"$(inherited)",
					"@executable_path/Frameworks",
				);
				PRODUCT_BUNDLE_IDENTIFIER = com.in2objects.FeedMe;
				PRODUCT_NAME = "$(TARGET_NAME)";
				SWIFT_VERSION = 4.0;
				TARGETED_DEVICE_FAMILY = "1,2";
			};
			name = Release;
		};
		7CB8FB2320F93556001C6674 /* Debug */ = {
			isa = XCBuildConfiguration;
			buildSettings = {
				ALWAYS_EMBED_SWIFT_STANDARD_LIBRARIES = YES;
				BUNDLE_LOADER = "$(TEST_HOST)";
				CODE_SIGN_STYLE = Automatic;
				INFOPLIST_FILE = FeedMeTests/Info.plist;
				LD_RUNPATH_SEARCH_PATHS = (
					"$(inherited)",
					"@executable_path/Frameworks",
					"@loader_path/Frameworks",
				);
				PRODUCT_BUNDLE_IDENTIFIER = com.in2objects.FeedMeTests;
				PRODUCT_NAME = "$(TARGET_NAME)";
				SWIFT_VERSION = 4.0;
				TARGETED_DEVICE_FAMILY = "1,2";
				TEST_HOST = "$(BUILT_PRODUCTS_DIR)/FeedMe.app/FeedMe";
			};
			name = Debug;
		};
		7CB8FB2420F93556001C6674 /* Release */ = {
			isa = XCBuildConfiguration;
			buildSettings = {
				ALWAYS_EMBED_SWIFT_STANDARD_LIBRARIES = YES;
				BUNDLE_LOADER = "$(TEST_HOST)";
				CODE_SIGN_STYLE = Automatic;
				INFOPLIST_FILE = FeedMeTests/Info.plist;
				LD_RUNPATH_SEARCH_PATHS = (
					"$(inherited)",
					"@executable_path/Frameworks",
					"@loader_path/Frameworks",
				);
				PRODUCT_BUNDLE_IDENTIFIER = com.in2objects.FeedMeTests;
				PRODUCT_NAME = "$(TARGET_NAME)";
				SWIFT_VERSION = 4.0;
				TARGETED_DEVICE_FAMILY = "1,2";
				TEST_HOST = "$(BUILT_PRODUCTS_DIR)/FeedMe.app/FeedMe";
			};
			name = Release;
		};
		7CB8FB2620F93556001C6674 /* Debug */ = {
			isa = XCBuildConfiguration;
			buildSettings = {
				ALWAYS_EMBED_SWIFT_STANDARD_LIBRARIES = YES;
				CODE_SIGN_STYLE = Automatic;
				INFOPLIST_FILE = FeedMeUITests/Info.plist;
				LD_RUNPATH_SEARCH_PATHS = (
					"$(inherited)",
					"@executable_path/Frameworks",
					"@loader_path/Frameworks",
				);
				PRODUCT_BUNDLE_IDENTIFIER = com.in2objects.FeedMeUITests;
				PRODUCT_NAME = "$(TARGET_NAME)";
				SWIFT_VERSION = 4.0;
				TARGETED_DEVICE_FAMILY = "1,2";
				TEST_TARGET_NAME = FeedMe;
			};
			name = Debug;
		};
		7CB8FB2720F93556001C6674 /* Release */ = {
			isa = XCBuildConfiguration;
			buildSettings = {
				ALWAYS_EMBED_SWIFT_STANDARD_LIBRARIES = YES;
				CODE_SIGN_STYLE = Automatic;
				INFOPLIST_FILE = FeedMeUITests/Info.plist;
				LD_RUNPATH_SEARCH_PATHS = (
					"$(inherited)",
					"@executable_path/Frameworks",
					"@loader_path/Frameworks",
				);
				PRODUCT_BUNDLE_IDENTIFIER = com.in2objects.FeedMeUITests;
				PRODUCT_NAME = "$(TARGET_NAME)";
				SWIFT_VERSION = 4.0;
				TARGETED_DEVICE_FAMILY = "1,2";
				TEST_TARGET_NAME = FeedMe;
			};
			name = Release;
		};
/* End XCBuildConfiguration section */

/* Begin XCConfigurationList section */
		7CB8FAF220F93554001C6674 /* Build configuration list for PBXProject "FeedMe" */ = {
			isa = XCConfigurationList;
			buildConfigurations = (
				7CB8FB1D20F93556001C6674 /* Debug */,
				7CB8FB1E20F93556001C6674 /* Release */,
			);
			defaultConfigurationIsVisible = 0;
			defaultConfigurationName = Release;
		};
		7CB8FB1F20F93556001C6674 /* Build configuration list for PBXNativeTarget "FeedMe" */ = {
			isa = XCConfigurationList;
			buildConfigurations = (
				7CB8FB2020F93556001C6674 /* Debug */,
				7CB8FB2120F93556001C6674 /* Release */,
			);
			defaultConfigurationIsVisible = 0;
			defaultConfigurationName = Release;
		};
		7CB8FB2220F93556001C6674 /* Build configuration list for PBXNativeTarget "FeedMeTests" */ = {
			isa = XCConfigurationList;
			buildConfigurations = (
				7CB8FB2320F93556001C6674 /* Debug */,
				7CB8FB2420F93556001C6674 /* Release */,
			);
			defaultConfigurationIsVisible = 0;
			defaultConfigurationName = Release;
		};
		7CB8FB2520F93556001C6674 /* Build configuration list for PBXNativeTarget "FeedMeUITests" */ = {
			isa = XCConfigurationList;
			buildConfigurations = (
				7CB8FB2620F93556001C6674 /* Debug */,
				7CB8FB2720F93556001C6674 /* Release */,
			);
			defaultConfigurationIsVisible = 0;
			defaultConfigurationName = Release;
		};
/* End XCConfigurationList section */

/* Begin XCVersionGroup section */
		7C362A9220F9F446008155AA /* FeedMe.xcdatamodeld */ = {
			isa = XCVersionGroup;
			children = (
				7C362A9320F9F446008155AA /* FeedMe.xcdatamodel */,
			);
			currentVersion = 7C362A9320F9F446008155AA /* FeedMe.xcdatamodel */;
			path = FeedMe.xcdatamodeld;
			sourceTree = "<group>";
			versionGroupType = wrapper.xcdatamodel;
		};
/* End XCVersionGroup section */
	};
	rootObject = 7CB8FAEF20F93554001C6674 /* Project object */;
}
